# THIS IS AN AUTOGENERATED FILE. DO NOT EDIT THIS FILE DIRECTLY.
# yarn lockfile v1


"@types/ramda@^0.27.4":
  version "0.27.4"
  resolved "https://registry.yarnpkg.com/@types/ramda/-/ramda-0.27.4.tgz#816002c95e54cf3f3d5d7e8e014998450934d992"
  integrity sha512-uE1OSffeRZoFjVah2RjR4pAyptzqN6T+fEsWr06biuUstR2IBIzKhSGwKxzISAoy4SC+JkJv8y99Hm3cJ/TDOQ==
  dependencies:
    ts-toolbelt "^6.3.3"

enlighten-common-types@1.0.0:
  version "1.0.0"
  resolved "https://registry.yarnpkg.com/enlighten-common-types/-/enlighten-common-types-1.0.0.tgz#b9c55eba12cf42ba6e678a6f65d0b66661daebe9"
  integrity sha512-CYwNiW9odqcEH64i1/cDzVZD/o/eiO3BUYD79tfDV7VgaUvo4fbxvJliUefgcbQjiRxpc4kNNBeXmoHXDPau/A==

ramda@^0.27.0:
  version "0.27.0"
  resolved "https://registry.yarnpkg.com/ramda/-/ramda-0.27.0.tgz#915dc29865c0800bf3f69b8fd6c279898b59de43"
  integrity sha512-pVzZdDpWwWqEVVLshWUHjNwuVP7SfcmPraYuqocJp1yo2U1R7P+5QAfDhdItkuoGqIBnBYrtPp7rEPqDn9HlZA==

ts-toolbelt@^6.3.3:
  version "6.6.2"
  resolved "https://registry.yarnpkg.com/ts-toolbelt/-/ts-toolbelt-6.6.2.tgz#2e1681ff654bf0ab24636d2ff1cbc802316b391f"
  integrity sha512-P0fN4yv9rkTmKsu/Xew8heopmQ3fDnCF5tY4CV1ZMAUeBHJA6QsJhMEdxtWNdgV7dnKKAAw+A12azm2cONQ6NQ==

typescript@^3.8.3:
  version "3.8.3"
  resolved "https://registry.yarnpkg.com/typescript/-/typescript-3.8.3.tgz#409eb8544ea0335711205869ec458ab109ee1061"
  integrity sha512-MYlEfn5VrLNsgudQTVJeNaQFUAI7DkhnOjdpAp4T+ku1TfQClewlbSuTVHiA+8skNBgaf02TL/kLOvig4y3G8w==
